Microsoft Visual Studio Solution File, Format Version 11.00
# Visual Studio 2017

Project("{8BC9CEB8-8B4A-11D0-8D11-00A0C91BC942}") = "Plume - Standalone Plugin", "Plume_StandalonePlugin.vcxproj", "{5D17080C-0D1C-AA2D-8A48-9A7023666950}"
	ProjectSection(ProjectDependencies) = postProject
		{9CFD2A65-D559-7E2C-4BD8-D66D3AF78083} = {9CFD2A65-D559-7E2C-4BD8-D66D3AF78083}
	EndProjectSection
EndProject
Project("{8BC9CEB8-8B4A-11D0-8D11-00A0C91BC942}") = "Plume - VST", "Plume_VST.vcxproj", "{B52C6A48-B186-1CA6-56CD-552EC16DC049}"
	ProjectSection(ProjectDependencies) = postProject
		{9CFD2A65-D559-7E2C-4BD8-D66D3AF78083} = {9CFD2A65-D559-7E2C-4BD8-D66D3AF78083}
	EndProjectSection
EndProject
Project("{8BC9CEB8-8B4A-11D0-8D11-00A0C91BC942}") = "Plume - Shared Code", "Plume_SharedCode.vcxproj", "{9CFD2A65-D559-7E2C-4BD8-D66D3AF78083}"
EndProject
Global
	GlobalSection(SolutionConfigurationPlatforms) = preSolution
		Release|x64 = Release|x64
		Debug|x64 = Debug|x64
	EndGlobalSection
	GlobalSection(ProjectConfigurationPlatforms) = postSolution
		{B52C6A48-B186-1CA6-56CD-552EC16DC049}.Release|x64.ActiveCfg = Release|x64
		{B52C6A48-B186-1CA6-56CD-552EC16DC049}.Release|x64.Build.0 = Release|x64
		{B52C6A48-B186-1CA6-56CD-552EC16DC049}.Debug|x64.ActiveCfg = Debug|x64
		{B52C6A48-B186-1CA6-56CD-552EC16DC049}.Debug|x64.Build.0 = Debug|x64
		{5D17080C-0D1C-AA2D-8A48-9A7023666950}.Release|x64.ActiveCfg = Release|x64
		{5D17080C-0D1C-AA2D-8A48-9A7023666950}.Release|x64.Build.0 = Release|x64
		{5D17080C-0D1C-AA2D-8A48-9A7023666950}.Debug|x64.ActiveCfg = Debug|x64
		{5D17080C-0D1C-AA2D-8A48-9A7023666950}.Debug|x64.Build.0 = Debug|x64
		{9CFD2A65-D559-7E2C-4BD8-D66D3AF78083}.Release|x64.ActiveCfg = Release|x64
		{9CFD2A65-D559-7E2C-4BD8-D66D3AF78083}.Release|x64.Build.0 = Release|x64
		{9CFD2A65-D559-7E2C-4BD8-D66D3AF78083}.Debug|x64.ActiveCfg = Debug|x64
		{9CFD2A65-D559-7E2C-4BD8-D66D3AF78083}.Debug|x64.Build.0 = Debug|x64
	EndGlobalSection
	GlobalSection(SolutionProperties) = preSolution
		HideSolutionNode = FALSE
	EndGlobalSection
EndGlobal
